// !$*UTF8*$!
{
	archiveVersion = 1;
	classes = {
	};
	objectVersion = 56;
	objects = {

/* Begin PBXBuildFile section */
		009AAA832A9B9643002DFE5F /* DetailsCollectionViewCell.swift in Sources */ = {isa = PBXBuildFile; fileRef = 009AAA812A9B9643002DFE5F /* DetailsCollectionViewCell.swift */; };
		009AAA842A9B9643002DFE5F /* DetailsCollectionViewCell.xib in Resources */ = {isa = PBXBuildFile; fileRef = 009AAA822A9B9643002DFE5F /* DetailsCollectionViewCell.xib */; };
		009CF2B12A9A01820072BE87 /* AppDelegate.swift in Sources */ = {isa = PBXBuildFile; fileRef = 009CF2B02A9A01820072BE87 /* AppDelegate.swift */; };
		009CF2B32A9A01820072BE87 /* SceneDelegate.swift in Sources */ = {isa = PBXBuildFile; fileRef = 009CF2B22A9A01820072BE87 /* SceneDelegate.swift */; };
		009CF2B52A9A01820072BE87 /* ViewController.swift in Sources */ = {isa = PBXBuildFile; fileRef = 009CF2B42A9A01820072BE87 /* ViewController.swift */; };
		009CF2B82A9A01820072BE87 /* Main.storyboard in Resources */ = {isa = PBXBuildFile; fileRef = 009CF2B62A9A01820072BE87 /* Main.storyboard */; };
		009CF2BA2A9A01830072BE87 /* Assets.xcassets in Resources */ = {isa = PBXBuildFile; fileRef = 009CF2B92A9A01830072BE87 /* Assets.xcassets */; };
		009CF2BD2A9A01830072BE87 /* LaunchScreen.storyboard in Resources */ = {isa = PBXBuildFile; fileRef = 009CF2BB2A9A01830072BE87 /* LaunchScreen.storyboard */; };
		009CF2C82A9A01830072BE87 /* SportsAppTests.swift in Sources */ = {isa = PBXBuildFile; fileRef = 009CF2C72A9A01830072BE87 /* SportsAppTests.swift */; };
		009CF2D22A9A01830072BE87 /* SportsAppUITests.swift in Sources */ = {isa = PBXBuildFile; fileRef = 009CF2D12A9A01830072BE87 /* SportsAppUITests.swift */; };
		009CF2D42A9A01830072BE87 /* SportsAppUITestsLaunchTests.swift in Sources */ = {isa = PBXBuildFile; fileRef = 009CF2D32A9A01830072BE87 /* SportsAppUITestsLaunchTests.swift */; };
		009CF2E92A9A12470072BE87 /* SportsView.swift in Sources */ = {isa = PBXBuildFile; fileRef = 009CF2E82A9A12470072BE87 /* SportsView.swift */; };
		009CF2F02A9A19620072BE87 /* SportsCollectionViewCell.swift in Sources */ = {isa = PBXBuildFile; fileRef = 009CF2EE2A9A19620072BE87 /* SportsCollectionViewCell.swift */; };
		009CF2F12A9A19620072BE87 /* SportsCollectionViewCell.xib in Resources */ = {isa = PBXBuildFile; fileRef = 009CF2EF2A9A19620072BE87 /* SportsCollectionViewCell.xib */; };
		2EE8C1179FECEE768C1FDEC5 /* Pods_SportsApp.framework in Frameworks */ = {isa = PBXBuildFile; fileRef = 0305D14DFC5B7C9DB1042E6E /* Pods_SportsApp.framework */; };
/* End PBXBuildFile section */

/* Begin PBXContainerItemProxy section */
		009CF2C42A9A01830072BE87 /* PBXContainerItemProxy */ = {
			isa = PBXContainerItemProxy;
			containerPortal = 009CF2A52A9A01820072BE87 /* Project object */;
			proxyType = 1;
			remoteGlobalIDString = 009CF2AC2A9A01820072BE87;
			remoteInfo = SportsApp;
		};
		009CF2CE2A9A01830072BE87 /* PBXContainerItemProxy */ = {
			isa = PBXContainerItemProxy;
			containerPortal = 009CF2A52A9A01820072BE87 /* Project object */;
			proxyType = 1;
			remoteGlobalIDString = 009CF2AC2A9A01820072BE87;
			remoteInfo = SportsApp;
		};
/* End PBXContainerItemProxy section */

/* Begin PBXFileReference section */
		009AAA812A9B9643002DFE5F /* DetailsCollectionViewCell.swift */ = {isa = PBXFileReference; lastKnownFileType = sourcecode.swift; path = DetailsCollectionViewCell.swift; sourceTree = "<group>"; };
		009AAA822A9B9643002DFE5F /* DetailsCollectionViewCell.xib */ = {isa = PBXFileReference; lastKnownFileType = file.xib; path = DetailsCollectionViewCell.xib; sourceTree = "<group>"; };
		009CF2AD2A9A01820072BE87 /* SportsApp.app */ = {isa = PBXFileReference; explicitFileType = wrapper.application; includeInIndex = 0; path = SportsApp.app; sourceTree = BUILT_PRODUCTS_DIR; };
		009CF2B02A9A01820072BE87 /* AppDelegate.swift */ = {isa = PBXFileReference; lastKnownFileType = sourcecode.swift; path = AppDelegate.swift; sourceTree = "<group>"; };
		009CF2B22A9A01820072BE87 /* SceneDelegate.swift */ = {isa = PBXFileReference; lastKnownFileType = sourcecode.swift; path = SceneDelegate.swift; sourceTree = "<group>"; };
		009CF2B42A9A01820072BE87 /* ViewController.swift */ = {isa = PBXFileReference; lastKnownFileType = sourcecode.swift; path = ViewController.swift; sourceTree = "<group>"; };
		009CF2B72A9A01820072BE87 /* Base */ = {isa = PBXFileReference; lastKnownFileType = file.storyboard; name = Base; path = Base.lproj/Main.storyboard; sourceTree = "<group>"; };
		009CF2B92A9A01830072BE87 /* Assets.xcassets */ = {isa = PBXFileReference; lastKnownFileType = folder.assetcatalog; path = Assets.xcassets; sourceTree = "<group>"; };
		009CF2BC2A9A01830072BE87 /* Base */ = {isa = PBXFileReference; lastKnownFileType = file.storyboard; name = Base; path = Base.lproj/LaunchScreen.storyboard; sourceTree = "<group>"; };
		009CF2BE2A9A01830072BE87 /* Info.plist */ = {isa = PBXFileReference; lastKnownFileType = text.plist.xml; path = Info.plist; sourceTree = "<group>"; };
		009CF2C32A9A01830072BE87 /* SportsAppTests.xctest */ = {isa = PBXFileReference; explicitFileType = wrapper.cfbundle; includeInIndex = 0; path = SportsAppTests.xctest; sourceTree = BUILT_PRODUCTS_DIR; };
		009CF2C72A9A01830072BE87 /* SportsAppTests.swift */ = {isa = PBXFileReference; lastKnownFileType = sourcecode.swift; path = SportsAppTests.swift; sourceTree = "<group>"; };
		009CF2CD2A9A01830072BE87 /* SportsAppUITests.xctest */ = {isa = PBXFileReference; explicitFileType = wrapper.cfbundle; includeInIndex = 0; path = SportsAppUITests.xctest; sourceTree = BUILT_PRODUCTS_DIR; };
		009CF2D12A9A01830072BE87 /* SportsAppUITests.swift */ = {isa = PBXFileReference; lastKnownFileType = sourcecode.swift; path = SportsAppUITests.swift; sourceTree = "<group>"; };
		009CF2D32A9A01830072BE87 /* SportsAppUITestsLaunchTests.swift */ = {isa = PBXFileReference; lastKnownFileType = sourcecode.swift; path = SportsAppUITestsLaunchTests.swift; sourceTree = "<group>"; };
		009CF2E82A9A12470072BE87 /* SportsView.swift */ = {isa = PBXFileReference; lastKnownFileType = sourcecode.swift; path = SportsView.swift; sourceTree = "<group>"; };
		009CF2EE2A9A19620072BE87 /* SportsCollectionViewCell.swift */ = {isa = PBXFileReference; lastKnownFileType = sourcecode.swift; path = SportsCollectionViewCell.swift; sourceTree = "<group>"; };
		009CF2EF2A9A19620072BE87 /* SportsCollectionViewCell.xib */ = {isa = PBXFileReference; lastKnownFileType = file.xib; path = SportsCollectionViewCell.xib; sourceTree = "<group>"; };
		0305D14DFC5B7C9DB1042E6E /* Pods_SportsApp.framework */ = {isa = PBXFileReference; explicitFileType = wrapper.framework; includeInIndex = 0; path = Pods_SportsApp.framework; sourceTree = BUILT_PRODUCTS_DIR; };
		29EFBD007D136DAB894F3440 /* Pods-SportsApp.release.xcconfig */ = {isa = PBXFileReference; includeInIndex = 1; lastKnownFileType = text.xcconfig; name = "Pods-SportsApp.release.xcconfig"; path = "Target Support Files/Pods-SportsApp/Pods-SportsApp.release.xcconfig"; sourceTree = "<group>"; };
		D00115C857772DEB2CDCC3D1 /* Pods-SportsApp.debug.xcconfig */ = {isa = PBXFileReference; includeInIndex = 1; lastKnownFileType = text.xcconfig; name = "Pods-SportsApp.debug.xcconfig"; path = "Target Support Files/Pods-SportsApp/Pods-SportsApp.debug.xcconfig"; sourceTree = "<group>"; };
/* End PBXFileReference section */

/* Begin PBXFrameworksBuildPhase section */
		009CF2AA2A9A01820072BE87 /* Frameworks */ = {
			isa = PBXFrameworksBuildPhase;
			buildActionMask = 2147483647;
			files = (
				2EE8C1179FECEE768C1FDEC5 /* Pods_SportsApp.framework in Frameworks */,
			);
			runOnlyForDeploymentPostprocessing = 0;
		};
		009CF2C02A9A01830072BE87 /* Frameworks */ = {
			isa = PBXFrameworksBuildPhase;
			buildActionMask = 2147483647;
			files = (
			);
			runOnlyForDeploymentPostprocessing = 0;
		};
		009CF2CA2A9A01830072BE87 /* Frameworks */ = {
			isa = PBXFrameworksBuildPhase;
			buildActionMask = 2147483647;
			files = (
			);
			runOnlyForDeploymentPostprocessing = 0;
		};
/* End PBXFrameworksBuildPhase section */

/* Begin PBXGroup section */
		009CF2A42A9A01820072BE87 = {
			isa = PBXGroup;
			children = (
				009CF2AF2A9A01820072BE87 /* SportsApp */,
				009CF2C62A9A01830072BE87 /* SportsAppTests */,
				009CF2D02A9A01830072BE87 /* SportsAppUITests */,
				009CF2AE2A9A01820072BE87 /* Products */,
				DBCC426AFFEDEC793788E1E5 /* Pods */,
				4D8054225C4F450ED3CC1EA0 /* Frameworks */,
			);
			sourceTree = "<group>";
		};
		009CF2AE2A9A01820072BE87 /* Products */ = {
			isa = PBXGroup;
			children = (
				009CF2AD2A9A01820072BE87 /* SportsApp.app */,
				009CF2C32A9A01830072BE87 /* SportsAppTests.xctest */,
				009CF2CD2A9A01830072BE87 /* SportsAppUITests.xctest */,
			);
			name = Products;
			sourceTree = "<group>";
		};
		009CF2AF2A9A01820072BE87 /* SportsApp */ = {
			isa = PBXGroup;
			children = (
				009CF2B02A9A01820072BE87 /* AppDelegate.swift */,
				009CF2B22A9A01820072BE87 /* SceneDelegate.swift */,
				009CF2B42A9A01820072BE87 /* ViewController.swift */,
				009CF2B62A9A01820072BE87 /* Main.storyboard */,
				009CF2B92A9A01830072BE87 /* Assets.xcassets */,
				009CF2BB2A9A01830072BE87 /* LaunchScreen.storyboard */,
				009CF2BE2A9A01830072BE87 /* Info.plist */,
				009CF2E82A9A12470072BE87 /* SportsView.swift */,
				009CF2EE2A9A19620072BE87 /* SportsCollectionViewCell.swift */,
				009CF2EF2A9A19620072BE87 /* SportsCollectionViewCell.xib */,
				009AAA812A9B9643002DFE5F /* DetailsCollectionViewCell.swift */,
				009AAA822A9B9643002DFE5F /* DetailsCollectionViewCell.xib */,
			);
			path = SportsApp;
			sourceTree = "<group>";
		};
		009CF2C62A9A01830072BE87 /* SportsAppTests */ = {
			isa = PBXGroup;
			children = (
				009CF2C72A9A01830072BE87 /* SportsAppTests.swift */,
			);
			path = SportsAppTests;
			sourceTree = "<group>";
		};
		009CF2D02A9A01830072BE87 /* SportsAppUITests */ = {
			isa = PBXGroup;
			children = (
				009CF2D12A9A01830072BE87 /* SportsAppUITests.swift */,
				009CF2D32A9A01830072BE87 /* SportsAppUITestsLaunchTests.swift */,
			);
			path = SportsAppUITests;
			sourceTree = "<group>";
		};
		4D8054225C4F450ED3CC1EA0 /* Frameworks */ = {
			isa = PBXGroup;
			children = (
				0305D14DFC5B7C9DB1042E6E /* Pods_SportsApp.framework */,
			);
			name = Frameworks;
			sourceTree = "<group>";
		};
		DBCC426AFFEDEC793788E1E5 /* Pods */ = {
			isa = PBXGroup;
			children = (
				D00115C857772DEB2CDCC3D1 /* Pods-SportsApp.debug.xcconfig */,
				29EFBD007D136DAB894F3440 /* Pods-SportsApp.release.xcconfig */,
			);
			path = Pods;
			sourceTree = "<group>";
		};
/* End PBXGroup section */

/* Begin PBXNativeTarget section */
		009CF2AC2A9A01820072BE87 /* SportsApp */ = {
			isa = PBXNativeTarget;
			buildConfigurationList = 009CF2D72A9A01830072BE87 /* Build configuration list for PBXNativeTarget "SportsApp" */;
			buildPhases = (
				E3C214E548CAF307997B3181 /* [CP] Check Pods Manifest.lock */,
				009CF2A92A9A01820072BE87 /* Sources */,
				009CF2AA2A9A01820072BE87 /* Frameworks */,
				009CF2AB2A9A01820072BE87 /* Resources */,
				B26BBD3FF09D14CE5D46145E /* [CP] Embed Pods Frameworks */,
			);
			buildRules = (
			);
			dependencies = (
			);
			name = SportsApp;
			productName = SportsApp;
			productReference = 009CF2AD2A9A01820072BE87 /* SportsApp.app */;
			productType = "com.apple.product-type.application";
		};
		009CF2C22A9A01830072BE87 /* SportsAppTests */ = {
			isa = PBXNativeTarget;
			buildConfigurationList = 009CF2DA2A9A01830072BE87 /* Build configuration list for PBXNativeTarget "SportsAppTests" */;
			buildPhases = (
				009CF2BF2A9A01830072BE87 /* Sources */,
				009CF2C02A9A01830072BE87 /* Frameworks */,
				009CF2C12A9A01830072BE87 /* Resources */,
			);
			buildRules = (
			);
			dependencies = (
				009CF2C52A9A01830072BE87 /* PBXTargetDependency */,
			);
			name = SportsAppTests;
			productName = SportsAppTests;
			productReference = 009CF2C32A9A01830072BE87 /* SportsAppTests.xctest */;
			productType = "com.apple.product-type.bundle.unit-test";
		};
		009CF2CC2A9A01830072BE87 /* SportsAppUITests */ = {
			isa = PBXNativeTarget;
			buildConfigurationList = 009CF2DD2A9A01830072BE87 /* Build configuration list for PBXNativeTarget "SportsAppUITests" */;
			buildPhases = (
				009CF2C92A9A01830072BE87 /* Sources */,
				009CF2CA2A9A01830072BE87 /* Frameworks */,
				009CF2CB2A9A01830072BE87 /* Resources */,
			);
			buildRules = (
			);
			dependencies = (
				009CF2CF2A9A01830072BE87 /* PBXTargetDependency */,
			);
			name = SportsAppUITests;
			productName = SportsAppUITests;
			productReference = 009CF2CD2A9A01830072BE87 /* SportsAppUITests.xctest */;
			productType = "com.apple.product-type.bundle.ui-testing";
		};
/* End PBXNativeTarget section */

/* Begin PBXProject section */
		009CF2A52A9A01820072BE87 /* Project object */ = {
			isa = PBXProject;
			attributes = {
				BuildIndependentTargetsInParallel = 1;
				LastSwiftUpdateCheck = 1420;
				LastUpgradeCheck = 1420;
				TargetAttributes = {
					009CF2AC2A9A01820072BE87 = {
						CreatedOnToolsVersion = 14.2;
					};
					009CF2C22A9A01830072BE87 = {
						CreatedOnToolsVersion = 14.2;
						TestTargetID = 009CF2AC2A9A01820072BE87;
					};
					009CF2CC2A9A01830072BE87 = {
						CreatedOnToolsVersion = 14.2;
						TestTargetID = 009CF2AC2A9A01820072BE87;
					};
				};
			};
			buildConfigurationList = 009CF2A82A9A01820072BE87 /* Build configuration list for PBXProject "SportsApp" */;
			compatibilityVersion = "Xcode 14.0";
			developmentRegion = en;
			hasScannedForEncodings = 0;
			knownRegions = (
				en,
				Base,
			);
			mainGroup = 009CF2A42A9A01820072BE87;
			productRefGroup = 009CF2AE2A9A01820072BE87 /* Products */;
			projectDirPath = "";
			projectRoot = "";
			targets = (
				009CF2AC2A9A01820072BE87 /* SportsApp */,
				009CF2C22A9A01830072BE87 /* SportsAppTests */,
				009CF2CC2A9A01830072BE87 /* SportsAppUITests */,
			);
		};
/* End PBXProject section */

/* Begin PBXResourcesBuildPhase section */
		009CF2AB2A9A01820072BE87 /* Resources */ = {
			isa = PBXResourcesBuildPhase;
			buildActionMask = 2147483647;
			files = (
				009CF2BD2A9A01830072BE87 /* LaunchScreen.storyboard in Resources */,
				009CF2BA2A9A01830072BE87 /* Assets.xcassets in Resources */,
				009AAA842A9B9643002DFE5F /* DetailsCollectionViewCell.xib in Resources */,
				009CF2B82A9A01820072BE87 /* Main.storyboard in Resources */,
				009CF2F12A9A19620072BE87 /* SportsCollectionViewCell.xib in Resources */,
			);
			runOnlyForDeploymentPostprocessing = 0;
		};
		009CF2C12A9A01830072BE87 /* Resources */ = {
			isa = PBXResourcesBuildPhase;
			buildActionMask = 2147483647;
			files = (
			);
			runOnlyForDeploymentPostprocessing = 0;
		};
		009CF2CB2A9A01830072BE87 /* Resources */ = {
			isa = PBXResourcesBuildPhase;
			buildActionMask = 2147483647;
			files = (
			);
			runOnlyForDeploymentPostprocessing = 0;
		};
/* End PBXResourcesBuildPhase section */

/* Begin PBXShellScriptBuildPhase section */
		B26BBD3FF09D14CE5D46145E /* [CP] Embed Pods Frameworks */ = {
			isa = PBXShellScriptBuildPhase;
			buildActionMask = 2147483647;
			files = (
			);
			inputFileListPaths = (
				"${PODS_ROOT}/Target Support Files/Pods-SportsApp/Pods-SportsApp-frameworks-${CONFIGURATION}-input-files.xcfilelist",
			);
			name = "[CP] Embed Pods Frameworks";
			outputFileListPaths = (
				"${PODS_ROOT}/Target Support Files/Pods-SportsApp/Pods-SportsApp-frameworks-${CONFIGURATION}-output-files.xcfilelist",
			);
			runOnlyForDeploymentPostprocessing = 0;
			shellPath = /bin/sh;
			shellScript = "\"${PODS_ROOT}/Target Support Files/Pods-SportsApp/Pods-SportsApp-frameworks.sh\"\n";
			showEnvVarsInLog = 0;
		};
		E3C214E548CAF307997B3181 /* [CP] Check Pods Manifest.lock */ = {
			isa = PBXShellScriptBuildPhase;
			buildActionMask = 2147483647;
			files = (
			);
			inputFileListPaths = (
			);
			inputPaths = (
				"${PODS_PODFILE_DIR_PATH}/Podfile.lock",
				"${PODS_ROOT}/Manifest.lock",
			);
			name = "[CP] Check Pods Manifest.lock";
			outputFileListPaths = (
			);
			outputPaths = (
				"$(DERIVED_FILE_DIR)/Pods-SportsApp-checkManifestLockResult.txt",
			);
			runOnlyForDeploymentPostprocessing = 0;
			shellPath = /bin/sh;
			shellScript = "diff \"${PODS_PODFILE_DIR_PATH}/Podfile.lock\" \"${PODS_ROOT}/Manifest.lock\" > /dev/null\nif [ $? != 0 ] ; then\n    # print error to STDERR\n    echo \"error: The sandbox is not in sync with the Podfile.lock. Run 'pod install' or update your CocoaPods installation.\" >&2\n    exit 1\nfi\n# This output is used by Xcode 'outputs' to avoid re-running this script phase.\necho \"SUCCESS\" > \"${SCRIPT_OUTPUT_FILE_0}\"\n";
			showEnvVarsInLog = 0;
		};
/* End PBXShellScriptBuildPhase section */

/* Begin PBXSourcesBuildPhase section */
		009CF2A92A9A01820072BE87 /* Sources */ = {
			isa = PBXSourcesBuildPhase;
			buildActionMask = 2147483647;
			files = (
				009CF2F02A9A19620072BE87 /* SportsCollectionViewCell.swift in Sources */,
				009CF2E92A9A12470072BE87 /* SportsView.swift in Sources */,
				009CF2B52A9A01820072BE87 /* ViewController.swift in Sources */,
				009CF2B12A9A01820072BE87 /* AppDelegate.swift in Sources */,
				009CF2B32A9A01820072BE87 /* SceneDelegate.swift in Sources */,
				009AAA832A9B9643002DFE5F /* DetailsCollectionViewCell.swift in Sources */,
			);
			runOnlyForDeploymentPostprocessing = 0;
		};
		009CF2BF2A9A01830072BE87 /* Sources */ = {
			isa = PBXSourcesBuildPhase;
			buildActionMask = 2147483647;
			files = (
				009CF2C82A9A01830072BE87 /* SportsAppTests.swift in Sources */,
			);
			runOnlyForDeploymentPostprocessing = 0;
		};
		009CF2C92A9A01830072BE87 /* Sources */ = {
			isa = PBXSourcesBuildPhase;
			buildActionMask = 2147483647;
			files = (
				009CF2D22A9A01830072BE87 /* SportsAppUITests.swift in Sources */,
				009CF2D42A9A01830072BE87 /* SportsAppUITestsLaunchTests.swift in Sources */,
			);
			runOnlyForDeploymentPostprocessing = 0;
		};
/* End PBXSourcesBuildPhase section */

/* Begin PBXTargetDependency section */
		009CF2C52A9A01830072BE87 /* PBXTargetDependency */ = {
			isa = PBXTargetDependency;
			target = 009CF2AC2A9A01820072BE87 /* SportsApp */;
			targetProxy = 009CF2C42A9A01830072BE87 /* PBXContainerItemProxy */;
		};
		009CF2CF2A9A01830072BE87 /* PBXTargetDependency */ = {
			isa = PBXTargetDependency;
			target = 009CF2AC2A9A01820072BE87 /* SportsApp */;
			targetProxy = 009CF2CE2A9A01830072BE87 /* PBXContainerItemProxy */;
		};
/* End PBXTargetDependency section */

/* Begin PBXVariantGroup section */
		009CF2B62A9A01820072BE87 /* Main.storyboard */ = {
			isa = PBXVariantGroup;
			children = (
				009CF2B72A9A01820072BE87 /* Base */,
			);
			name = Main.storyboard;
			sourceTree = "<group>";
		};
		009CF2BB2A9A01830072BE87 /* LaunchScreen.storyboard */ = {
			isa = PBXVariantGroup;
			children = (
				009CF2BC2A9A01830072BE87 /* Base */,
			);
			name = LaunchScreen.storyboard;
			sourceTree = "<group>";
		};
/* End PBXVariantGroup section */

/* Begin XCBuildConfiguration section */
		009CF2D52A9A01830072BE87 /* Debug */ = {
			isa = XCBuildConfiguration;
			buildSettings = {
				ALWAYS_SEARCH_USER_PATHS = NO;
				CLANG_ANALYZER_NONNULL = YES;
				CLANG_ANALYZER_NUMBER_OBJECT_CONVERSION = YES_AGGRESSIVE;
				CLANG_CXX_LANGUAGE_STANDARD = "gnu++20";
				CLANG_ENABLE_MODULES = YES;
				CLANG_ENABLE_OBJC_ARC = YES;
				CLANG_ENABLE_OBJC_WEAK = YES;
				CLANG_WARN_BLOCK_CAPTURE_AUTORELEASING = YES;
				CLANG_WARN_BOOL_CONVERSION = YES;
				CLANG_WARN_COMMA = YES;
				CLANG_WARN_CONSTANT_CONVERSION = YES;
				CLANG_WARN_DEPRECATED_OBJC_IMPLEMENTATIONS = YES;
				CLANG_WARN_DIRECT_OBJC_ISA_USAGE = YES_ERROR;
				CLANG_WARN_DOCUMENTATION_COMMENTS = YES;
				CLANG_WARN_EMPTY_BODY = YES;
				CLANG_WARN_ENUM_CONVERSION = YES;
				CLANG_WARN_INFINITE_RECURSION = YES;
				CLANG_WARN_INT_CONVERSION = YES;
				CLANG_WARN_NON_LITERAL_NULL_CONVERSION = YES;
				CLANG_WARN_OBJC_IMPLICIT_RETAIN_SELF = YES;
				CLANG_WARN_OBJC_LITERAL_CONVERSION = YES;
				CLANG_WARN_OBJC_ROOT_CLASS = YES_ERROR;
				CLANG_WARN_QUOTED_INCLUDE_IN_FRAMEWORK_HEADER = YES;
				CLANG_WARN_RANGE_LOOP_ANALYSIS = YES;
				CLANG_WARN_STRICT_PROTOTYPES = YES;
				CLANG_WARN_SUSPICIOUS_MOVE = YES;
				CLANG_WARN_UNGUARDED_AVAILABILITY = YES_AGGRESSIVE;
				CLANG_WARN_UNREACHABLE_CODE = YES;
				CLANG_WARN__DUPLICATE_METHOD_MATCH = YES;
				COPY_PHASE_STRIP = NO;
				DEBUG_INFORMATION_FORMAT = dwarf;
				ENABLE_STRICT_OBJC_MSGSEND = YES;
				ENABLE_TESTABILITY = YES;
				GCC_C_LANGUAGE_STANDARD = gnu11;
				GCC_DYNAMIC_NO_PIC = NO;
				GCC_NO_COMMON_BLOCKS = YES;
				GCC_OPTIMIZATION_LEVEL = 0;
				GCC_PREPROCESSOR_DEFINITIONS = (
					"DEBUG=1",
					"$(inherited)",
				);
				GCC_WARN_64_TO_32_BIT_CONVERSION = YES;
				GCC_WARN_ABOUT_RETURN_TYPE = YES_ERROR;
				GCC_WARN_UNDECLARED_SELECTOR = YES;
				GCC_WARN_UNINITIALIZED_AUTOS = YES_AGGRESSIVE;
				GCC_WARN_UNUSED_FUNCTION = YES;
				GCC_WARN_UNUSED_VARIABLE = YES;
				IPHONEOS_DEPLOYMENT_TARGET = 16.2;
				MTL_ENABLE_DEBUG_INFO = INCLUDE_SOURCE;
				MTL_FAST_MATH = YES;
				ONLY_ACTIVE_ARCH = YES;
				SDKROOT = iphoneos;
				SWIFT_ACTIVE_COMPILATION_CONDITIONS = DEBUG;
				SWIFT_OPTIMIZATION_LEVEL = "-Onone";
			};
			name = Debug;
		};
		009CF2D62A9A01830072BE87 /* Release */ = {
			isa = XCBuildConfiguration;
			buildSettings = {
				ALWAYS_SEARCH_USER_PATHS = NO;
				CLANG_ANALYZER_NONNULL = YES;
				CLANG_ANALYZER_NUMBER_OBJECT_CONVERSION = YES_AGGRESSIVE;
				CLANG_CXX_LANGUAGE_STANDARD = "gnu++20";
				CLANG_ENABLE_MODULES = YES;
				CLANG_ENABLE_OBJC_ARC = YES;
				CLANG_ENABLE_OBJC_WEAK = YES;
				CLANG_WARN_BLOCK_CAPTURE_AUTORELEASING = YES;
				CLANG_WARN_BOOL_CONVERSION = YES;
				CLANG_WARN_COMMA = YES;
				CLANG_WARN_CONSTANT_CONVERSION = YES;
				CLANG_WARN_DEPRECATED_OBJC_IMPLEMENTATIONS = YES;
				CLANG_WARN_DIRECT_OBJC_ISA_USAGE = YES_ERROR;
				CLANG_WARN_DOCUMENTATION_COMMENTS = YES;
				CLANG_WARN_EMPTY_BODY = YES;
				CLANG_WARN_ENUM_CONVERSION = YES;
				CLANG_WARN_INFINITE_RECURSION = YES;
				CLANG_WARN_INT_CONVERSION = YES;
				CLANG_WARN_NON_LITERAL_NULL_CONVERSION = YES;
				CLANG_WARN_OBJC_IMPLICIT_RETAIN_SELF = YES;
				CLANG_WARN_OBJC_LITERAL_CONVERSION = YES;
				CLANG_WARN_OBJC_ROOT_CLASS = YES_ERROR;
				CLANG_WARN_QUOTED_INCLUDE_IN_FRAMEWORK_HEADER = YES;
				CLANG_WARN_RANGE_LOOP_ANALYSIS = YES;
				CLANG_WARN_STRICT_PROTOTYPES = YES;
				CLANG_WARN_SUSPICIOUS_MOVE = YES;
				CLANG_WARN_UNGUARDED_AVAILABILITY = YES_AGGRESSIVE;
				CLANG_WARN_UNREACHABLE_CODE = YES;
				CLANG_WARN__DUPLICATE_METHOD_MATCH = YES;
				COPY_PHASE_STRIP = NO;
				DEBUG_INFORMATION_FORMAT = "dwarf-with-dsym";
				ENABLE_NS_ASSERTIONS = NO;
				ENABLE_STRICT_OBJC_MSGSEND = YES;
				GCC_C_LANGUAGE_STANDARD = gnu11;
				GCC_NO_COMMON_BLOCKS = YES;
				GCC_WARN_64_TO_32_BIT_CONVERSION = YES;
				GCC_WARN_ABOUT_RETURN_TYPE = YES_ERROR;
				GCC_WARN_UNDECLARED_SELECTOR = YES;
				GCC_WARN_UNINITIALIZED_AUTOS = YES_AGGRESSIVE;
				GCC_WARN_UNUSED_FUNCTION = YES;
				GCC_WARN_UNUSED_VARIABLE = YES;
				IPHONEOS_DEPLOYMENT_TARGET = 16.2;
				MTL_ENABLE_DEBUG_INFO = NO;
				MTL_FAST_MATH = YES;
				SDKROOT = iphoneos;
				SWIFT_COMPILATION_MODE = wholemodule;
				SWIFT_OPTIMIZATION_LEVEL = "-O";
				VALIDATE_PRODUCT = YES;
			};
			name = Release;
		};
		009CF2D82A9A01830072BE87 /* Debug */ = {
			isa = XCBuildConfiguration;
			baseConfigurationReference = D00115C857772DEB2CDCC3D1 /* Pods-SportsApp.debug.xcconfig */;
			buildSettings = {
				ASSETCATALOG_COMPILER_APPICON_NAME = AppIcon;
				ASSETCATALOG_COMPILER_GLOBAL_ACCENT_COLOR_NAME = AccentColor;
				CODE_SIGN_STYLE = Automatic;
				CURRENT_PROJECT_VERSION = 1;
				DEVELOPMENT_TEAM = 55BA36A875;
				GENERATE_INFOPLIST_FILE = YES;
				INFOPLIST_FILE = SportsApp/Info.plist;
				INFOPLIST_KEY_UIApplicationSupportsIndirectInputEvents = YES;
				INFOPLIST_KEY_UILaunchStoryboardName = LaunchScreen;
				INFOPLIST_KEY_UIMainStoryboardFile = Main;
				INFOPLIST_KEY_UISupportedInterfaceOrientations_iPad = "UIInterfaceOrientationPortrait UIInterfaceOrientationPortraitUpsideDown UIInterfaceOrientationLandscapeLeft UIInterfaceOrientationLandscapeRight";
				INFOPLIST_KEY_UISupportedInterfaceOrientations_iPhone = "UIInterfaceOrientationPortrait UIInterfaceOrientationLandscapeLeft UIInterfaceOrientationLandscapeRight";
				LD_RUNPATH_SEARCH_PATHS = (
					"$(inherited)",
					"@executable_path/Frameworks",
				);
				MARKETING_VERSION = 1.0;
				PRODUCT_BUNDLE_IDENTIFIER = dasdasd.SportsApp;
				PRODUCT_NAME = "$(TARGET_NAME)";
				SWIFT_EMIT_LOC_STRINGS = YES;
				SWIFT_VERSION = 5.0;
				TARGETED_DEVICE_FAMILY = "1,2";
			};
			name = Debug;
		};
		009CF2D92A9A01830072BE87 /* Release */ = {
			isa = XCBuildConfiguration;
			baseConfigurationReference = 29EFBD007D136DAB894F3440 /* Pods-SportsApp.release.xcconfig */;
			buildSettings = {
				ASSETCATALOG_COMPILER_APPICON_NAME = AppIcon;
				ASSETCATALOG_COMPILER_GLOBAL_ACCENT_COLOR_NAME = AccentColor;
				CODE_SIGN_STYLE = Automatic;
				CURRENT_PROJECT_VERSION = 1;
				DEVELOPMENT_TEAM = 55BA36A875;
				GENERATE_INFOPLIST_FILE = YES;
				INFOPLIST_FILE = SportsApp/Info.plist;
				INFOPLIST_KEY_UIApplicationSupportsIndirectInputEvents = YES;
				INFOPLIST_KEY_UILaunchStoryboardName = LaunchScreen;
				INFOPLIST_KEY_UIMainStoryboardFile = Main;
				INFOPLIST_KEY_UISupportedInterfaceOrientations_iPad = "UIInterfaceOrientationPortrait UIInterfaceOrientationPortraitUpsideDown UIInterfaceOrientationLandscapeLeft UIInterfaceOrientationLandscapeRight";
				INFOPLIST_KEY_UISupportedInterfaceOrientations_iPhone = "UIInterfaceOrientationPortrait UIInterfaceOrientationLandscapeLeft UIInterfaceOrientationLandscapeRight";
				LD_RUNPATH_SEARCH_PATHS = (
					"$(inherited)",
					"@executable_path/Frameworks",
				);
				MARKETING_VERSION = 1.0;
				PRODUCT_BUNDLE_IDENTIFIER = dasdasd.SportsApp;
				PRODUCT_NAME = "$(TARGET_NAME)";
				SWIFT_EMIT_LOC_STRINGS = YES;
				SWIFT_VERSION = 5.0;
				TARGETED_DEVICE_FAMILY = "1,2";
			};
			name = Release;
		};
		009CF2DB2A9A01830072BE87 /* Debug */ = {
			isa = XCBuildConfiguration;
			buildSettings = {
				ALWAYS_EMBED_SWIFT_STANDARD_LIBRARIES = YES;
				BUNDLE_LOADER = "$(TEST_HOST)";
				CODE_SIGN_STYLE = Automatic;
				CURRENT_PROJECT_VERSION = 1;
				GENERATE_INFOPLIST_FILE = YES;
				IPHONEOS_DEPLOYMENT_TARGET = 16.2;
				MARKETING_VERSION = 1.0;
				PRODUCT_BUNDLE_IDENTIFIER = dasdasd.SportsAppTests;
				PRODUCT_NAME = "$(TARGET_NAME)";
				SWIFT_EMIT_LOC_STRINGS = NO;
				SWIFT_VERSION = 5.0;
				TARGETED_DEVICE_FAMILY = "1,2";
				TEST_HOST = "$(BUILT_PRODUCTS_DIR)/SportsApp.app/$(BUNDLE_EXECUTABLE_FOLDER_PATH)/SportsApp";
			};
			name = Debug;
		};
		009CF2DC2A9A01830072BE87 /* Release */ = {
			isa = XCBuildConfiguration;
			buildSettings = {
				ALWAYS_EMBED_SWIFT_STANDARD_LIBRARIES = YES;
				BUNDLE_LOADER = "$(TEST_HOST)";
				CODE_SIGN_STYLE = Automatic;
				CURRENT_PROJECT_VERSION = 1;
				GENERATE_INFOPLIST_FILE = YES;
				IPHONEOS_DEPLOYMENT_TARGET = 16.2;
				MARKETING_VERSION = 1.0;
				PRODUCT_BUNDLE_IDENTIFIER = dasdasd.SportsAppTests;
				PRODUCT_NAME = "$(TARGET_NAME)";
				SWIFT_EMIT_LOC_STRINGS = NO;
				SWIFT_VERSION = 5.0;
				TARGETED_DEVICE_FAMILY = "1,2";
				TEST_HOST = "$(BUILT_PRODUCTS_DIR)/SportsApp.app/$(BUNDLE_EXECUTABLE_FOLDER_PATH)/SportsApp";
			};
			name = Release;
		};
		009CF2DE2A9A01830072BE87 /* Debug */ = {
			isa = XCBuildConfiguration;
			buildSettings = {
				ALWAYS_EMBED_SWIFT_STANDARD_LIBRARIES = YES;
				CODE_SIGN_STYLE = Automatic;
				CURRENT_PROJECT_VERSION = 1;
				GENERATE_INFOPLIST_FILE = YES;
				MARKETING_VERSION = 1.0;
				PRODUCT_BUNDLE_IDENTIFIER = dasdasd.SportsAppUITests;
				PRODUCT_NAME = "$(TARGET_NAME)";
				SWIFT_EMIT_LOC_STRINGS = NO;
				SWIFT_VERSION = 5.0;
				TARGETED_DEVICE_FAMILY = "1,2";
				TEST_TARGET_NAME = SportsApp;
			};
			name = Debug;
		};
		009CF2DF2A9A01830072BE87 /* Release */ = {
			isa = XCBuildConfiguration;
			buildSettings = {
				ALWAYS_EMBED_SWIFT_STANDARD_LIBRARIES = YES;
				CODE_SIGN_STYLE = Automatic;
				CURRENT_PROJECT_VERSION = 1;
				GENERATE_INFOPLIST_FILE = YES;
				MARKETING_VERSION = 1.0;
				PRODUCT_BUNDLE_IDENTIFIER = dasdasd.SportsAppUITests;
				PRODUCT_NAME = "$(TARGET_NAME)";
				SWIFT_EMIT_LOC_STRINGS = NO;
				SWIFT_VERSION = 5.0;
				TARGETED_DEVICE_FAMILY = "1,2";
				TEST_TARGET_NAME = SportsApp;
			};
			name = Release;
		};
/* End XCBuildConfiguration section */

/* Begin XCConfigurationList section */
		009CF2A82A9A01820072BE87 /* Build configuration list for PBXProject "SportsApp" */ = {
			isa = XCConfigurationList;
			buildConfigurations = (
				009CF2D52A9A01830072BE87 /* Debug */,
				009CF2D62A9A01830072BE87 /* Release */,
			);
			defaultConfigurationIsVisible = 0;
			defaultConfigurationName = Release;
		};
		009CF2D72A9A01830072BE87 /* Build configuration list for PBXNativeTarget "SportsApp" */ = {
			isa = XCConfigurationList;
			buildConfigurations = (
				009CF2D82A9A01830072BE87 /* Debug */,
				009CF2D92A9A01830072BE87 /* Release */,
			);
			defaultConfigurationIsVisible = 0;
			defaultConfigurationName = Release;
		};
		009CF2DA2A9A01830072BE87 /* Build configuration list for PBXNativeTarget "SportsAppTests" */ = {
			isa = XCConfigurationList;
			buildConfigurations = (
				009CF2DB2A9A01830072BE87 /* Debug */,
				009CF2DC2A9A01830072BE87 /* Release */,
			);
			defaultConfigurationIsVisible = 0;
			defaultConfigurationName = Release;
		};
		009CF2DD2A9A01830072BE87 /* Build configuration list for PBXNativeTarget "SportsAppUITests" */ = {
			isa = XCConfigurationList;
			buildConfigurations = (
				009CF2DE2A9A01830072BE87 /* Debug */,
				009CF2DF2A9A01830072BE87 /* Release */,
			);
			defaultConfigurationIsVisible = 0;
			defaultConfigurationName = Release;
		};
/* End XCConfigurationList section */
	};
	rootObject = 009CF2A52A9A01820072BE87 /* Project object */;
}
